
Microsoft Visual Studio Solution File, Format Version 12.00
# Visual Studio Version 16
VisualStudioVersion = 16.0.31313.79
MinimumVisualStudioVersion = 10.0.40219.1
Project("{9A19103F-16F7-4668-BE54-9A1E7A4F7556}") = "StringCalculator", "String Calculator\StringCalculator.csproj", "{0729CF58-9A79-4347-9058-35A1A3634B9C}"
EndProject
Project("{9A19103F-16F7-4668-BE54-9A1E7A4F7556}") = "ConsoleApp", "ConsoleApp\ConsoleApp.csproj", "{BFF2AF56-B5B2-4537-B4EC-F0939EDE1ECC}"
EndProject
Project("{9A19103F-16F7-4668-BE54-9A1E7A4F7556}") = "StringCalculatorTests", "StringCalculatorTest\StringCalculatorTests.csproj", "{AE5FBF5F-5BCC-41C5-8082-E17D7F8A2B44}"
EndProject
Project("{FAE04EC0-301F-11D3-BF4B-00C04F79EFBC}") = "ConsoleAppTests", "ConsoleAppTests\ConsoleAppTests.csproj", "{E22283E4-1BE8-44BD-8079-DF4A422DDFA6}"
EndProject
Global
	GlobalSection(SolutionConfigurationPlatforms) = preSolution
		Debug|Any CPU = Debug|Any CPU
		Release|Any CPU = Release|Any CPU
	EndGlobalSection
	GlobalSection(ProjectConfigurationPlatforms) = postSolution
		{0729CF58-9A79-4347-9058-35A1A3634B9C}.Debug|Any CPU.ActiveCfg = Debug|Any CPU
		{0729CF58-9A79-4347-9058-35A1A3634B9C}.Debug|Any CPU.Build.0 = Debug|Any CPU
		{0729CF58-9A79-4347-9058-35A1A3634B9C}.Release|Any CPU.ActiveCfg = Release|Any CPU
		{0729CF58-9A79-4347-9058-35A1A3634B9C}.Release|Any CPU.Build.0 = Release|Any CPU
		{BFF2AF56-B5B2-4537-B4EC-F0939EDE1ECC}.Debug|Any CPU.ActiveCfg = Debug|Any CPU
		{BFF2AF56-B5B2-4537-B4EC-F0939EDE1ECC}.Debug|Any CPU.Build.0 = Debug|Any CPU
		{BFF2AF56-B5B2-4537-B4EC-F0939EDE1ECC}.Release|Any CPU.ActiveCfg = Release|Any CPU
		{BFF2AF56-B5B2-4537-B4EC-F0939EDE1ECC}.Release|Any CPU.Build.0 = Release|Any CPU
		{AE5FBF5F-5BCC-41C5-8082-E17D7F8A2B44}.Debug|Any CPU.ActiveCfg = Debug|Any CPU
		{AE5FBF5F-5BCC-41C5-8082-E17D7F8A2B44}.Debug|Any CPU.Build.0 = Debug|Any CPU
		{AE5FBF5F-5BCC-41C5-8082-E17D7F8A2B44}.Release|Any CPU.ActiveCfg = Release|Any CPU
		{AE5FBF5F-5BCC-41C5-8082-E17D7F8A2B44}.Release|Any CPU.Build.0 = Release|Any CPU
		{E22283E4-1BE8-44BD-8079-DF4A422DDFA6}.Debug|Any CPU.ActiveCfg = Debug|Any CPU
		{E22283E4-1BE8-44BD-8079-DF4A422DDFA6}.Debug|Any CPU.Build.0 = Debug|Any CPU
		{E22283E4-1BE8-44BD-8079-DF4A422DDFA6}.Release|Any CPU.ActiveCfg = Release|Any CPU
		{E22283E4-1BE8-44BD-8079-DF4A422DDFA6}.Release|Any CPU.Build.0 = Release|Any CPU
	EndGlobalSection
	GlobalSection(SolutionProperties) = preSolution
		HideSolutionNode = FALSE
	EndGlobalSection
	GlobalSection(ExtensibilityGlobals) = postSolution
		SolutionGuid = {F72C5FFD-EB13-4FCD-A719-1BE7B206C9D0}
	EndGlobalSection
EndGlobal
